
Microsoft Visual Studio Solution File, Format Version 12.00
# Visual Studio 15
VisualStudioVersion = 15.0.28307.271
MinimumVisualStudioVersion = 10.0.40219.1
Project("{9A19103F-16F7-4668-BE54-9A1E7A4F7556}") = "HollywoodAssessment.API", "HollywoodAssessment\HollywoodAssessment.API.csproj", "{058BA34C-CA65-4BBE-971B-81340A490CD4}"
EndProject
Project("{9A19103F-16F7-4668-BE54-9A1E7A4F7556}") = "HollywoodAssessment.Data", "HollywoodAssessment.Data\HollywoodAssessment.Data.csproj", "{4A1494F9-EF7B-44B6-A924-4D864E50048A}"
EndProject
Project("{9A19103F-16F7-4668-BE54-9A1E7A4F7556}") = "HollywoodAssessment.Service", "HollywoodAssessment.Service\HollywoodAssessment.Service.csproj", "{67DE6596-1A43-4B3E-B4D6-42E0867A97AD}"
EndProject
Project("{9A19103F-16F7-4668-BE54-9A1E7A4F7556}") = "HollywoodAssessment.Common", "HollywoodAssessment.Common\HollywoodAssessment.Common.csproj", "{21031773-AEE3-4008-89BB-46C3FAACDDEA}"
EndProject
Project("{9A19103F-16F7-4668-BE54-9A1E7A4F7556}") = "HollywoodAssessment.Tests", "HollywoodAssessment.Tests\HollywoodAssessment.Tests.csproj", "{6669F843-46CF-4D8A-915C-786A9758FC47}"
EndProject
Global
	GlobalSection(SolutionConfigurationPlatforms) = preSolution
		Debug|Any CPU = Debug|Any CPU
		Release|Any CPU = Release|Any CPU
	EndGlobalSection
	GlobalSection(ProjectConfigurationPlatforms) = postSolution
		{058BA34C-CA65-4BBE-971B-81340A490CD4}.Debug|Any CPU.ActiveCfg = Debug|Any CPU
		{058BA34C-CA65-4BBE-971B-81340A490CD4}.Debug|Any CPU.Build.0 = Debug|Any CPU
		{058BA34C-CA65-4BBE-971B-81340A490CD4}.Release|Any CPU.ActiveCfg = Release|Any CPU
		{058BA34C-CA65-4BBE-971B-81340A490CD4}.Release|Any CPU.Build.0 = Release|Any CPU
		{4A1494F9-EF7B-44B6-A924-4D864E50048A}.Debug|Any CPU.ActiveCfg = Debug|Any CPU
		{4A1494F9-EF7B-44B6-A924-4D864E50048A}.Debug|Any CPU.Build.0 = Debug|Any CPU
		{4A1494F9-EF7B-44B6-A924-4D864E50048A}.Release|Any CPU.ActiveCfg = Release|Any CPU
		{4A1494F9-EF7B-44B6-A924-4D864E50048A}.Release|Any CPU.Build.0 = Release|Any CPU
		{67DE6596-1A43-4B3E-B4D6-42E0867A97AD}.Debug|Any CPU.ActiveCfg = Debug|Any CPU
		{67DE6596-1A43-4B3E-B4D6-42E0867A97AD}.Debug|Any CPU.Build.0 = Debug|Any CPU
		{67DE6596-1A43-4B3E-B4D6-42E0867A97AD}.Release|Any CPU.ActiveCfg = Release|Any CPU
		{67DE6596-1A43-4B3E-B4D6-42E0867A97AD}.Release|Any CPU.Build.0 = Release|Any CPU
		{21031773-AEE3-4008-89BB-46C3FAACDDEA}.Debug|Any CPU.ActiveCfg = Debug|Any CPU
		{21031773-AEE3-4008-89BB-46C3FAACDDEA}.Debug|Any CPU.Build.0 = Debug|Any CPU
		{21031773-AEE3-4008-89BB-46C3FAACDDEA}.Release|Any CPU.ActiveCfg = Release|Any CPU
		{21031773-AEE3-4008-89BB-46C3FAACDDEA}.Release|Any CPU.Build.0 = Release|Any CPU
		{6669F843-46CF-4D8A-915C-786A9758FC47}.Debug|Any CPU.ActiveCfg = Debug|Any CPU
		{6669F843-46CF-4D8A-915C-786A9758FC47}.Debug|Any CPU.Build.0 = Debug|Any CPU
		{6669F843-46CF-4D8A-915C-786A9758FC47}.Release|Any CPU.ActiveCfg = Release|Any CPU
		{6669F843-46CF-4D8A-915C-786A9758FC47}.Release|Any CPU.Build.0 = Release|Any CPU
	EndGlobalSection
	GlobalSection(SolutionProperties) = preSolution
		HideSolutionNode = FALSE
	EndGlobalSection
	GlobalSection(ExtensibilityGlobals) = postSolution
		SolutionGuid = {BC56348C-7D5F-4C0C-9CB9-A8A953C645ED}
	EndGlobalSection
EndGlobal
